
Microsoft Visual Studio Solution File, Format Version 12.00
# Visual Studio Version 16
VisualStudioVersion = 16.0.32002.261
MinimumVisualStudioVersion = 10.0.40219.1
Project("{FAE04EC0-301F-11D3-BF4B-00C04F79EFBC}") = "DiscordRPC_Client", "DiscordRPC_Client\DiscordRPC_Client.csproj", "{605CA754-92BA-4D0F-A82A-9F000F801BBD}"
EndProject
Global
	GlobalSection(SolutionConfigurationPlatforms) = preSolution
		Debug|Any CPU = Debug|Any CPU
		Release|Any CPU = Release|Any CPU
	EndGlobalSection
	GlobalSection(ProjectConfigurationPlatforms) = postSolution
		{605CA754-92BA-4D0F-A82A-9F000F801BBD}.Debug|Any CPU.ActiveCfg = Debug|Any CPU
		{605CA754-92BA-4D0F-A82A-9F000F801BBD}.Debug|Any CPU.Build.0 = Debug|Any CPU
		{605CA754-92BA-4D0F-A82A-9F000F801BBD}.Release|Any CPU.ActiveCfg = Release|Any CPU
		{605CA754-92BA-4D0F-A82A-9F000F801BBD}.Release|Any CPU.Build.0 = Release|Any CPU
	EndGlobalSection
	GlobalSection(SolutionProperties) = preSolution
		HideSolutionNode = FALSE
	EndGlobalSection
	GlobalSection(ExtensibilityGlobals) = postSolution
		SolutionGuid = {C3F7936D-4A82-48FB-B13E-86461E875BD8}
	EndGlobalSection
EndGlobal
